
Microsoft Visual Studio Solution File, Format Version 12.00
# Visual Studio Version 17
VisualStudioVersion = 17.1.32113.165
MinimumVisualStudioVersion = 10.0.40219.1
Project("{9A19103F-16F7-4668-BE54-9A1E7A4F7556}") = "Bgg.Net.Common.Tests", "Bgg.Net.Common.Tests\Bgg.Net.Common.Tests.csproj", "{258B79F1-C77D-401C-BD0C-B2A8E1E336F4}"
EndProject
Project("{9A19103F-16F7-4668-BE54-9A1E7A4F7556}") = "Bgg.Net.Common", "Bgg.Net.Common\Bgg.Net.Common.csproj", "{D154ED90-7599-45E3-943D-9CFA926EFF92}"
EndProject
Project("{2150E333-8FDC-42A3-9474-1A3956D46DE8}") = "Solution Items", "Solution Items", "{EF5EAD22-B480-41DC-8907-E018B1377A77}"
	ProjectSection(SolutionItems) = preProject
		.editorconfig = .editorconfig
	EndProjectSection
EndProject
Project("{9A19103F-16F7-4668-BE54-9A1E7A4F7556}") = "Bgg.Net.Common.IntegrationTests", "Bgg.Net.Common.IntegrationTests\Bgg.Net.Common.IntegrationTests.csproj", "{C01D8C52-69C6-4B30-A15F-4FA8C739FDC5}"
EndProject
Project("{9A19103F-16F7-4668-BE54-9A1E7A4F7556}") = "Bgg.Net.Web", "Bgg.Net.Web\Bgg.Net.Web\Bgg.Net.Web.csproj", "{64736AFB-0914-4BC5-8594-5AF7682F3C6F}"
EndProject
Project("{9A19103F-16F7-4668-BE54-9A1E7A4F7556}") = "Bgg.Net.Web.Client", "Bgg.Net.Web\Bgg.Net.Web.Client\Bgg.Net.Web.Client.csproj", "{FE1E32F6-777E-4290-AB69-4440EDE94CE9}"
EndProject
Global
	GlobalSection(SolutionConfigurationPlatforms) = preSolution
		Debug|Any CPU = Debug|Any CPU
		Release|Any CPU = Release|Any CPU
	EndGlobalSection
	GlobalSection(ProjectConfigurationPlatforms) = postSolution
		{258B79F1-C77D-401C-BD0C-B2A8E1E336F4}.Debug|Any CPU.ActiveCfg = Debug|Any CPU
		{258B79F1-C77D-401C-BD0C-B2A8E1E336F4}.Debug|Any CPU.Build.0 = Debug|Any CPU
		{258B79F1-C77D-401C-BD0C-B2A8E1E336F4}.Release|Any CPU.ActiveCfg = Release|Any CPU
		{258B79F1-C77D-401C-BD0C-B2A8E1E336F4}.Release|Any CPU.Build.0 = Release|Any CPU
		{D154ED90-7599-45E3-943D-9CFA926EFF92}.Debug|Any CPU.ActiveCfg = Debug|Any CPU
		{D154ED90-7599-45E3-943D-9CFA926EFF92}.Debug|Any CPU.Build.0 = Debug|Any CPU
		{D154ED90-7599-45E3-943D-9CFA926EFF92}.Release|Any CPU.ActiveCfg = Release|Any CPU
		{D154ED90-7599-45E3-943D-9CFA926EFF92}.Release|Any CPU.Build.0 = Release|Any CPU
		{C01D8C52-69C6-4B30-A15F-4FA8C739FDC5}.Debug|Any CPU.ActiveCfg = Debug|Any CPU
		{C01D8C52-69C6-4B30-A15F-4FA8C739FDC5}.Debug|Any CPU.Build.0 = Debug|Any CPU
		{C01D8C52-69C6-4B30-A15F-4FA8C739FDC5}.Release|Any CPU.ActiveCfg = Release|Any CPU
		{C01D8C52-69C6-4B30-A15F-4FA8C739FDC5}.Release|Any CPU.Build.0 = Release|Any CPU
		{64736AFB-0914-4BC5-8594-5AF7682F3C6F}.Debug|Any CPU.ActiveCfg = Debug|Any CPU
		{64736AFB-0914-4BC5-8594-5AF7682F3C6F}.Debug|Any CPU.Build.0 = Debug|Any CPU
		{64736AFB-0914-4BC5-8594-5AF7682F3C6F}.Release|Any CPU.ActiveCfg = Release|Any CPU
		{64736AFB-0914-4BC5-8594-5AF7682F3C6F}.Release|Any CPU.Build.0 = Release|Any CPU
		{FE1E32F6-777E-4290-AB69-4440EDE94CE9}.Debug|Any CPU.ActiveCfg = Debug|Any CPU
		{FE1E32F6-777E-4290-AB69-4440EDE94CE9}.Debug|Any CPU.Build.0 = Debug|Any CPU
		{FE1E32F6-777E-4290-AB69-4440EDE94CE9}.Release|Any CPU.ActiveCfg = Release|Any CPU
		{FE1E32F6-777E-4290-AB69-4440EDE94CE9}.Release|Any CPU.Build.0 = Release|Any CPU
	EndGlobalSection
	GlobalSection(SolutionProperties) = preSolution
		HideSolutionNode = FALSE
	EndGlobalSection
	GlobalSection(ExtensibilityGlobals) = postSolution
		SolutionGuid = {C60B4664-47B6-442D-BFA0-041E6B0DCFCF}
	EndGlobalSection
EndGlobal
